
Microsoft Visual Studio Solution File, Format Version 12.00
# Visual Studio 2012
Project("{2150E333-8FDC-42A3-9474-1A3956D46DE8}") = "Solution Items", "Solution Items", "{B3F2B3FF-C7AA-4ECD-AE51-EBEAD402B7CA}"
	ProjectSection(SolutionItems) = preProject
		Local.testsettings = Local.testsettings
		PrismAggregatorDesignTest2.vsmdi = PrismAggregatorDesignTest2.vsmdi
		TraceAndTestImpact.testsettings = TraceAndTestImpact.testsettings
	EndProjectSection
EndProject
Project("{FAE04EC0-301F-11D3-BF4B-00C04F79EFBC}") = "SafetyProgram", "SafetyProgram\SafetyProgram.csproj", "{BEEA81AD-8CA8-431F-9B62-C7329DDE2021}"
EndProject
Project("{FAE04EC0-301F-11D3-BF4B-00C04F79EFBC}") = "SafetyProgram.Document", "SafetyProgram.Document\SafetyProgram.Document.csproj", "{0385FB46-CEFE-4542-8F47-DBAAD96E5BAB}"
EndProject
Project("{FAE04EC0-301F-11D3-BF4B-00C04F79EFBC}") = "SafetyProgram.ModelObjects", "SafetyProgram.ModelObjects\SafetyProgram.ModelObjects.csproj", "{7C2C454D-A1D9-4355-976C-08582E07CD31}"
EndProject
Project("{FAE04EC0-301F-11D3-BF4B-00C04F79EFBC}") = "SafetyProgram.Base", "SafetyProgram.Base\SafetyProgram.Base.csproj", "{1DC4D7EA-32B8-40C0-AF0D-C6786532216C}"
EndProject
Project("{FAE04EC0-301F-11D3-BF4B-00C04F79EFBC}") = "SafetyProgram.DocumentObjects", "SafetyProgram.DocumentObjects\SafetyProgram.DocumentObjects.csproj", "{60FE19F7-74B8-4D02-9AED-77AC986FF3A1}"
EndProject
Project("{FAE04EC0-301F-11D3-BF4B-00C04F79EFBC}") = "SafetyProgram.UserControls", "SafetyProgram.UserControls\SafetyProgram.UserControls.csproj", "{69416B92-32EA-4F2A-B3D4-5FC8389090BB}"
EndProject
Project("{FAE04EC0-301F-11D3-BF4B-00C04F79EFBC}") = "SafetyProgram.Base.UnitTests", "SafetyProgram.Base.UnitTests\SafetyProgram.Base.UnitTests.csproj", "{1E9995CC-8FE5-4859-B0AF-49EA9EA36668}"
EndProject
Project("{FAE04EC0-301F-11D3-BF4B-00C04F79EFBC}") = "SafetyProgram.UserControls.Specialized", "SafetyProgram.UserControls.Specialized\SafetyProgram.UserControls.Specialized.csproj", "{01612CAD-9713-4B6C-B827-624A191CB965}"
EndProject
Project("{FAE04EC0-301F-11D3-BF4B-00C04F79EFBC}") = "SafetyProgram.Configuration", "SafetyProgram.Configuration\SafetyProgram.Configuration.csproj", "{E3CEC2CA-04A8-4841-9F19-E5439C47091A}"
EndProject
Project("{FAE04EC0-301F-11D3-BF4B-00C04F79EFBC}") = "SafetyProgram.Locale", "SafetyProgram.Locale\SafetyProgram.Locale.csproj", "{125449EC-B19E-4006-94D6-6E298C09EAC7}"
EndProject
Project("{FAE04EC0-301F-11D3-BF4B-00C04F79EFBC}") = "SafetyProgram.Configuration.UnitTests", "SafetyProgram.Configuration.UnitTests\SafetyProgram.Configuration.UnitTests.csproj", "{6FD260AD-10A1-4A4F-9B7A-46590FBD1826}"
EndProject
Project("{FAE04EC0-301F-11D3-BF4B-00C04F79EFBC}") = "SafetyProgram.Static", "SafetyProgram.Static\SafetyProgram.Static.csproj", "{365F96A4-1C7F-4C32-8DB9-A1385F2D109C}"
EndProject
Project("{F2A71F9B-5D33-465A-A702-920D77279786}") = "SafetyProgram.RepositoryIO", "SafetyProgram.RepositoryIO\SafetyProgram.RepositoryIO.fsproj", "{A419173A-E029-4EC2-AA82-206A999E056C}"
EndProject
Project("{F2A71F9B-5D33-465A-A702-920D77279786}") = "SafetyProgram.RepositoryIO.UnitTests", "SafetyProgram.RepositoryIO.UnitTests\SafetyProgram.RepositoryIO.UnitTests.fsproj", "{1F3EDE6E-7D84-45BD-9B0C-00198760A714}"
EndProject
Project("{FAE04EC0-301F-11D3-BF4B-00C04F79EFBC}") = "SafetyProgram.MainWindow", "SafetyProgram.MainWindow\SafetyProgram.MainWindow.csproj", "{2BF84DD7-1743-402E-A049-352C772741A0}"
EndProject
Project("{FAE04EC0-301F-11D3-BF4B-00C04F79EFBC}") = "MockApp", "MockApp\MockApp.csproj", "{E0CD7FC8-94BD-4EED-AE62-8326338088DB}"
EndProject
Global
	GlobalSection(TestCaseManagementSettings) = postSolution
		CategoryFile = PrismAggregatorDesignTest2.vsmdi
	EndGlobalSection
	GlobalSection(SolutionConfigurationPlatforms) = preSolution
		Debug|Any CPU = Debug|Any CPU
		Debug|Mixed Platforms = Debug|Mixed Platforms
		Debug|x86 = Debug|x86
		Release|Any CPU = Release|Any CPU
		Release|Mixed Platforms = Release|Mixed Platforms
		Release|x86 = Release|x86
	EndGlobalSection
	GlobalSection(ProjectConfigurationPlatforms) = postSolution
		{BEEA81AD-8CA8-431F-9B62-C7329DDE2021}.Debug|Any CPU.ActiveCfg = Debug|x86
		{BEEA81AD-8CA8-431F-9B62-C7329DDE2021}.Debug|Mixed Platforms.ActiveCfg = Debug|x86
		{BEEA81AD-8CA8-431F-9B62-C7329DDE2021}.Debug|Mixed Platforms.Build.0 = Debug|x86
		{BEEA81AD-8CA8-431F-9B62-C7329DDE2021}.Debug|x86.ActiveCfg = Debug|x86
		{BEEA81AD-8CA8-431F-9B62-C7329DDE2021}.Debug|x86.Build.0 = Debug|x86
		{BEEA81AD-8CA8-431F-9B62-C7329DDE2021}.Release|Any CPU.ActiveCfg = Release|x86
		{BEEA81AD-8CA8-431F-9B62-C7329DDE2021}.Release|Mixed Platforms.ActiveCfg = Release|x86
		{BEEA81AD-8CA8-431F-9B62-C7329DDE2021}.Release|Mixed Platforms.Build.0 = Release|x86
		{BEEA81AD-8CA8-431F-9B62-C7329DDE2021}.Release|x86.ActiveCfg = Release|x86
		{BEEA81AD-8CA8-431F-9B62-C7329DDE2021}.Release|x86.Build.0 = Release|x86
		{0385FB46-CEFE-4542-8F47-DBAAD96E5BAB}.Debug|Any CPU.ActiveCfg = Debug|Any CPU
		{0385FB46-CEFE-4542-8F47-DBAAD96E5BAB}.Debug|Any CPU.Build.0 = Debug|Any CPU
		{0385FB46-CEFE-4542-8F47-DBAAD96E5BAB}.Debug|Mixed Platforms.ActiveCfg = Debug|x86
		{0385FB46-CEFE-4542-8F47-DBAAD96E5BAB}.Debug|Mixed Platforms.Build.0 = Debug|x86
		{0385FB46-CEFE-4542-8F47-DBAAD96E5BAB}.Debug|x86.ActiveCfg = Debug|Any CPU
		{0385FB46-CEFE-4542-8F47-DBAAD96E5BAB}.Release|Any CPU.ActiveCfg = Release|Any CPU
		{0385FB46-CEFE-4542-8F47-DBAAD96E5BAB}.Release|Any CPU.Build.0 = Release|Any CPU
		{0385FB46-CEFE-4542-8F47-DBAAD96E5BAB}.Release|Mixed Platforms.ActiveCfg = Release|Any CPU
		{0385FB46-CEFE-4542-8F47-DBAAD96E5BAB}.Release|Mixed Platforms.Build.0 = Release|Any CPU
		{0385FB46-CEFE-4542-8F47-DBAAD96E5BAB}.Release|x86.ActiveCfg = Release|Any CPU
		{7C2C454D-A1D9-4355-976C-08582E07CD31}.Debug|Any CPU.ActiveCfg = Debug|Any CPU
		{7C2C454D-A1D9-4355-976C-08582E07CD31}.Debug|Any CPU.Build.0 = Debug|Any CPU
		{7C2C454D-A1D9-4355-976C-08582E07CD31}.Debug|Mixed Platforms.ActiveCfg = Debug|x86
		{7C2C454D-A1D9-4355-976C-08582E07CD31}.Debug|Mixed Platforms.Build.0 = Debug|x86
		{7C2C454D-A1D9-4355-976C-08582E07CD31}.Debug|x86.ActiveCfg = Debug|Any CPU
		{7C2C454D-A1D9-4355-976C-08582E07CD31}.Release|Any CPU.ActiveCfg = Release|Any CPU
		{7C2C454D-A1D9-4355-976C-08582E07CD31}.Release|Any CPU.Build.0 = Release|Any CPU
		{7C2C454D-A1D9-4355-976C-08582E07CD31}.Release|Mixed Platforms.ActiveCfg = Release|Any CPU
		{7C2C454D-A1D9-4355-976C-08582E07CD31}.Release|Mixed Platforms.Build.0 = Release|Any CPU
		{7C2C454D-A1D9-4355-976C-08582E07CD31}.Release|x86.ActiveCfg = Release|Any CPU
		{1DC4D7EA-32B8-40C0-AF0D-C6786532216C}.Debug|Any CPU.ActiveCfg = Debug|x86
		{1DC4D7EA-32B8-40C0-AF0D-C6786532216C}.Debug|Mixed Platforms.ActiveCfg = Debug|x86
		{1DC4D7EA-32B8-40C0-AF0D-C6786532216C}.Debug|Mixed Platforms.Build.0 = Debug|x86
		{1DC4D7EA-32B8-40C0-AF0D-C6786532216C}.Debug|x86.ActiveCfg = Debug|x86
		{1DC4D7EA-32B8-40C0-AF0D-C6786532216C}.Debug|x86.Build.0 = Debug|x86
		{1DC4D7EA-32B8-40C0-AF0D-C6786532216C}.Release|Any CPU.ActiveCfg = Release|x86
		{1DC4D7EA-32B8-40C0-AF0D-C6786532216C}.Release|Mixed Platforms.ActiveCfg = Release|x86
		{1DC4D7EA-32B8-40C0-AF0D-C6786532216C}.Release|Mixed Platforms.Build.0 = Release|x86
		{1DC4D7EA-32B8-40C0-AF0D-C6786532216C}.Release|x86.ActiveCfg = Release|x86
		{1DC4D7EA-32B8-40C0-AF0D-C6786532216C}.Release|x86.Build.0 = Release|x86
		{60FE19F7-74B8-4D02-9AED-77AC986FF3A1}.Debug|Any CPU.ActiveCfg = Debug|Any CPU
		{60FE19F7-74B8-4D02-9AED-77AC986FF3A1}.Debug|Any CPU.Build.0 = Debug|Any CPU
		{60FE19F7-74B8-4D02-9AED-77AC986FF3A1}.Debug|Mixed Platforms.ActiveCfg = Debug|x86
		{60FE19F7-74B8-4D02-9AED-77AC986FF3A1}.Debug|Mixed Platforms.Build.0 = Debug|x86
		{60FE19F7-74B8-4D02-9AED-77AC986FF3A1}.Debug|x86.ActiveCfg = Debug|Any CPU
		{60FE19F7-74B8-4D02-9AED-77AC986FF3A1}.Release|Any CPU.ActiveCfg = Release|Any CPU
		{60FE19F7-74B8-4D02-9AED-77AC986FF3A1}.Release|Any CPU.Build.0 = Release|Any CPU
		{60FE19F7-74B8-4D02-9AED-77AC986FF3A1}.Release|Mixed Platforms.ActiveCfg = Release|Any CPU
		{60FE19F7-74B8-4D02-9AED-77AC986FF3A1}.Release|Mixed Platforms.Build.0 = Release|Any CPU
		{60FE19F7-74B8-4D02-9AED-77AC986FF3A1}.Release|x86.ActiveCfg = Release|Any CPU
		{69416B92-32EA-4F2A-B3D4-5FC8389090BB}.Debug|Any CPU.ActiveCfg = Debug|Any CPU
		{69416B92-32EA-4F2A-B3D4-5FC8389090BB}.Debug|Any CPU.Build.0 = Debug|Any CPU
		{69416B92-32EA-4F2A-B3D4-5FC8389090BB}.Debug|Mixed Platforms.ActiveCfg = Debug|x86
		{69416B92-32EA-4F2A-B3D4-5FC8389090BB}.Debug|Mixed Platforms.Build.0 = Debug|x86
		{69416B92-32EA-4F2A-B3D4-5FC8389090BB}.Debug|x86.ActiveCfg = Debug|Any CPU
		{69416B92-32EA-4F2A-B3D4-5FC8389090BB}.Release|Any CPU.ActiveCfg = Release|Any CPU
		{69416B92-32EA-4F2A-B3D4-5FC8389090BB}.Release|Any CPU.Build.0 = Release|Any CPU
		{69416B92-32EA-4F2A-B3D4-5FC8389090BB}.Release|Mixed Platforms.ActiveCfg = Release|Any CPU
		{69416B92-32EA-4F2A-B3D4-5FC8389090BB}.Release|Mixed Platforms.Build.0 = Release|Any CPU
		{69416B92-32EA-4F2A-B3D4-5FC8389090BB}.Release|x86.ActiveCfg = Release|Any CPU
		{1E9995CC-8FE5-4859-B0AF-49EA9EA36668}.Debug|Any CPU.ActiveCfg = Debug|Any CPU
		{1E9995CC-8FE5-4859-B0AF-49EA9EA36668}.Debug|Any CPU.Build.0 = Debug|Any CPU
		{1E9995CC-8FE5-4859-B0AF-49EA9EA36668}.Debug|Mixed Platforms.ActiveCfg = Debug|x86
		{1E9995CC-8FE5-4859-B0AF-49EA9EA36668}.Debug|Mixed Platforms.Build.0 = Debug|x86
		{1E9995CC-8FE5-4859-B0AF-49EA9EA36668}.Debug|x86.ActiveCfg = Debug|Any CPU
		{1E9995CC-8FE5-4859-B0AF-49EA9EA36668}.Release|Any CPU.ActiveCfg = Release|Any CPU
		{1E9995CC-8FE5-4859-B0AF-49EA9EA36668}.Release|Any CPU.Build.0 = Release|Any CPU
		{1E9995CC-8FE5-4859-B0AF-49EA9EA36668}.Release|Mixed Platforms.ActiveCfg = Release|Any CPU
		{1E9995CC-8FE5-4859-B0AF-49EA9EA36668}.Release|Mixed Platforms.Build.0 = Release|Any CPU
		{1E9995CC-8FE5-4859-B0AF-49EA9EA36668}.Release|x86.ActiveCfg = Release|Any CPU
		{01612CAD-9713-4B6C-B827-624A191CB965}.Debug|Any CPU.ActiveCfg = Debug|Any CPU
		{01612CAD-9713-4B6C-B827-624A191CB965}.Debug|Any CPU.Build.0 = Debug|Any CPU
		{01612CAD-9713-4B6C-B827-624A191CB965}.Debug|Mixed Platforms.ActiveCfg = Debug|x86
		{01612CAD-9713-4B6C-B827-624A191CB965}.Debug|Mixed Platforms.Build.0 = Debug|x86
		{01612CAD-9713-4B6C-B827-624A191CB965}.Debug|x86.ActiveCfg = Debug|Any CPU
		{01612CAD-9713-4B6C-B827-624A191CB965}.Release|Any CPU.ActiveCfg = Release|Any CPU
		{01612CAD-9713-4B6C-B827-624A191CB965}.Release|Any CPU.Build.0 = Release|Any CPU
		{01612CAD-9713-4B6C-B827-624A191CB965}.Release|Mixed Platforms.ActiveCfg = Release|Any CPU
		{01612CAD-9713-4B6C-B827-624A191CB965}.Release|Mixed Platforms.Build.0 = Release|Any CPU
		{01612CAD-9713-4B6C-B827-624A191CB965}.Release|x86.ActiveCfg = Release|Any CPU
		{E3CEC2CA-04A8-4841-9F19-E5439C47091A}.Debug|Any CPU.ActiveCfg = Debug|Any CPU
		{E3CEC2CA-04A8-4841-9F19-E5439C47091A}.Debug|Any CPU.Build.0 = Debug|Any CPU
		{E3CEC2CA-04A8-4841-9F19-E5439C47091A}.Debug|Mixed Platforms.ActiveCfg = Debug|x86
		{E3CEC2CA-04A8-4841-9F19-E5439C47091A}.Debug|Mixed Platforms.Build.0 = Debug|x86
		{E3CEC2CA-04A8-4841-9F19-E5439C47091A}.Debug|x86.ActiveCfg = Debug|Any CPU
		{E3CEC2CA-04A8-4841-9F19-E5439C47091A}.Release|Any CPU.ActiveCfg = Release|Any CPU
		{E3CEC2CA-04A8-4841-9F19-E5439C47091A}.Release|Any CPU.Build.0 = Release|Any CPU
		{E3CEC2CA-04A8-4841-9F19-E5439C47091A}.Release|Mixed Platforms.ActiveCfg = Release|Any CPU
		{E3CEC2CA-04A8-4841-9F19-E5439C47091A}.Release|Mixed Platforms.Build.0 = Release|Any CPU
		{E3CEC2CA-04A8-4841-9F19-E5439C47091A}.Release|x86.ActiveCfg = Release|Any CPU
		{125449EC-B19E-4006-94D6-6E298C09EAC7}.Debug|Any CPU.ActiveCfg = Debug|Any CPU
		{125449EC-B19E-4006-94D6-6E298C09EAC7}.Debug|Any CPU.Build.0 = Debug|Any CPU
		{125449EC-B19E-4006-94D6-6E298C09EAC7}.Debug|Mixed Platforms.ActiveCfg = Debug|x86
		{125449EC-B19E-4006-94D6-6E298C09EAC7}.Debug|Mixed Platforms.Build.0 = Debug|x86
		{125449EC-B19E-4006-94D6-6E298C09EAC7}.Debug|x86.ActiveCfg = Debug|Any CPU
		{125449EC-B19E-4006-94D6-6E298C09EAC7}.Release|Any CPU.ActiveCfg = Release|Any CPU
		{125449EC-B19E-4006-94D6-6E298C09EAC7}.Release|Any CPU.Build.0 = Release|Any CPU
		{125449EC-B19E-4006-94D6-6E298C09EAC7}.Release|Mixed Platforms.ActiveCfg = Release|Any CPU
		{125449EC-B19E-4006-94D6-6E298C09EAC7}.Release|Mixed Platforms.Build.0 = Release|Any CPU
		{125449EC-B19E-4006-94D6-6E298C09EAC7}.Release|x86.ActiveCfg = Release|Any CPU
		{6FD260AD-10A1-4A4F-9B7A-46590FBD1826}.Debug|Any CPU.ActiveCfg = Debug|Any CPU
		{6FD260AD-10A1-4A4F-9B7A-46590FBD1826}.Debug|Any CPU.Build.0 = Debug|Any CPU
		{6FD260AD-10A1-4A4F-9B7A-46590FBD1826}.Debug|Mixed Platforms.ActiveCfg = Debug|x86
		{6FD260AD-10A1-4A4F-9B7A-46590FBD1826}.Debug|Mixed Platforms.Build.0 = Debug|x86
		{6FD260AD-10A1-4A4F-9B7A-46590FBD1826}.Debug|x86.ActiveCfg = Debug|Any CPU
		{6FD260AD-10A1-4A4F-9B7A-46590FBD1826}.Release|Any CPU.ActiveCfg = Release|Any CPU
		{6FD260AD-10A1-4A4F-9B7A-46590FBD1826}.Release|Any CPU.Build.0 = Release|Any CPU
		{6FD260AD-10A1-4A4F-9B7A-46590FBD1826}.Release|Mixed Platforms.ActiveCfg = Release|Any CPU
		{6FD260AD-10A1-4A4F-9B7A-46590FBD1826}.Release|Mixed Platforms.Build.0 = Release|Any CPU
		{6FD260AD-10A1-4A4F-9B7A-46590FBD1826}.Release|x86.ActiveCfg = Release|Any CPU
		{365F96A4-1C7F-4C32-8DB9-A1385F2D109C}.Debug|Any CPU.ActiveCfg = Debug|Any CPU
		{365F96A4-1C7F-4C32-8DB9-A1385F2D109C}.Debug|Any CPU.Build.0 = Debug|Any CPU
		{365F96A4-1C7F-4C32-8DB9-A1385F2D109C}.Debug|Mixed Platforms.ActiveCfg = Debug|x86
		{365F96A4-1C7F-4C32-8DB9-A1385F2D109C}.Debug|Mixed Platforms.Build.0 = Debug|x86
		{365F96A4-1C7F-4C32-8DB9-A1385F2D109C}.Debug|x86.ActiveCfg = Debug|Any CPU
		{365F96A4-1C7F-4C32-8DB9-A1385F2D109C}.Release|Any CPU.ActiveCfg = Release|Any CPU
		{365F96A4-1C7F-4C32-8DB9-A1385F2D109C}.Release|Any CPU.Build.0 = Release|Any CPU
		{365F96A4-1C7F-4C32-8DB9-A1385F2D109C}.Release|Mixed Platforms.ActiveCfg = Release|Any CPU
		{365F96A4-1C7F-4C32-8DB9-A1385F2D109C}.Release|Mixed Platforms.Build.0 = Release|Any CPU
		{365F96A4-1C7F-4C32-8DB9-A1385F2D109C}.Release|x86.ActiveCfg = Release|Any CPU
		{A419173A-E029-4EC2-AA82-206A999E056C}.Debug|Any CPU.ActiveCfg = Debug|Any CPU
		{A419173A-E029-4EC2-AA82-206A999E056C}.Debug|Any CPU.Build.0 = Debug|Any CPU
		{A419173A-E029-4EC2-AA82-206A999E056C}.Debug|Mixed Platforms.ActiveCfg = Debug|x86
		{A419173A-E029-4EC2-AA82-206A999E056C}.Debug|Mixed Platforms.Build.0 = Debug|x86
		{A419173A-E029-4EC2-AA82-206A999E056C}.Debug|x86.ActiveCfg = Debug|Any CPU
		{A419173A-E029-4EC2-AA82-206A999E056C}.Release|Any CPU.ActiveCfg = Release|Any CPU
		{A419173A-E029-4EC2-AA82-206A999E056C}.Release|Any CPU.Build.0 = Release|Any CPU
		{A419173A-E029-4EC2-AA82-206A999E056C}.Release|Mixed Platforms.ActiveCfg = Release|Any CPU
		{A419173A-E029-4EC2-AA82-206A999E056C}.Release|Mixed Platforms.Build.0 = Release|Any CPU
		{A419173A-E029-4EC2-AA82-206A999E056C}.Release|x86.ActiveCfg = Release|Any CPU
		{1F3EDE6E-7D84-45BD-9B0C-00198760A714}.Debug|Any CPU.ActiveCfg = Debug|Any CPU
		{1F3EDE6E-7D84-45BD-9B0C-00198760A714}.Debug|Any CPU.Build.0 = Debug|Any CPU
		{1F3EDE6E-7D84-45BD-9B0C-00198760A714}.Debug|Mixed Platforms.ActiveCfg = Debug|x86
		{1F3EDE6E-7D84-45BD-9B0C-00198760A714}.Debug|Mixed Platforms.Build.0 = Debug|x86
		{1F3EDE6E-7D84-45BD-9B0C-00198760A714}.Debug|x86.ActiveCfg = Debug|Any CPU
		{1F3EDE6E-7D84-45BD-9B0C-00198760A714}.Release|Any CPU.ActiveCfg = Release|Any CPU
		{1F3EDE6E-7D84-45BD-9B0C-00198760A714}.Release|Any CPU.Build.0 = Release|Any CPU
		{1F3EDE6E-7D84-45BD-9B0C-00198760A714}.Release|Mixed Platforms.ActiveCfg = Release|Any CPU
		{1F3EDE6E-7D84-45BD-9B0C-00198760A714}.Release|Mixed Platforms.Build.0 = Release|Any CPU
		{1F3EDE6E-7D84-45BD-9B0C-00198760A714}.Release|x86.ActiveCfg = Release|Any CPU
		{2BF84DD7-1743-402E-A049-352C772741A0}.Debug|Any CPU.ActiveCfg = Debug|Any CPU
		{2BF84DD7-1743-402E-A049-352C772741A0}.Debug|Any CPU.Build.0 = Debug|Any CPU
		{2BF84DD7-1743-402E-A049-352C772741A0}.Debug|Mixed Platforms.ActiveCfg = Debug|Any CPU
		{2BF84DD7-1743-402E-A049-352C772741A0}.Debug|Mixed Platforms.Build.0 = Debug|Any CPU
		{2BF84DD7-1743-402E-A049-352C772741A0}.Debug|x86.ActiveCfg = Debug|Any CPU
		{2BF84DD7-1743-402E-A049-352C772741A0}.Release|Any CPU.ActiveCfg = Release|Any CPU
		{2BF84DD7-1743-402E-A049-352C772741A0}.Release|Any CPU.Build.0 = Release|Any CPU
		{2BF84DD7-1743-402E-A049-352C772741A0}.Release|Mixed Platforms.ActiveCfg = Release|Any CPU
		{2BF84DD7-1743-402E-A049-352C772741A0}.Release|Mixed Platforms.Build.0 = Release|Any CPU
		{2BF84DD7-1743-402E-A049-352C772741A0}.Release|x86.ActiveCfg = Release|Any CPU
		{E0CD7FC8-94BD-4EED-AE62-8326338088DB}.Debug|Any CPU.ActiveCfg = Debug|Any CPU
		{E0CD7FC8-94BD-4EED-AE62-8326338088DB}.Debug|Any CPU.Build.0 = Debug|Any CPU
		{E0CD7FC8-94BD-4EED-AE62-8326338088DB}.Debug|Mixed Platforms.ActiveCfg = Debug|Any CPU
		{E0CD7FC8-94BD-4EED-AE62-8326338088DB}.Debug|Mixed Platforms.Build.0 = Debug|Any CPU
		{E0CD7FC8-94BD-4EED-AE62-8326338088DB}.Debug|x86.ActiveCfg = Debug|Any CPU
		{E0CD7FC8-94BD-4EED-AE62-8326338088DB}.Release|Any CPU.ActiveCfg = Release|Any CPU
		{E0CD7FC8-94BD-4EED-AE62-8326338088DB}.Release|Any CPU.Build.0 = Release|Any CPU
		{E0CD7FC8-94BD-4EED-AE62-8326338088DB}.Release|Mixed Platforms.ActiveCfg = Release|Any CPU
		{E0CD7FC8-94BD-4EED-AE62-8326338088DB}.Release|Mixed Platforms.Build.0 = Release|Any CPU
		{E0CD7FC8-94BD-4EED-AE62-8326338088DB}.Release|x86.ActiveCfg = Release|Any CPU
	EndGlobalSection
	GlobalSection(SolutionProperties) = preSolution
		HideSolutionNode = FALSE
	EndGlobalSection
	GlobalSection(Performance) = preSolution
		HasPerformanceSessions = true
	EndGlobalSection
EndGlobal
