
Microsoft Visual Studio Solution File, Format Version 12.00
# Visual Studio 2012
Project("{2150E333-8FDC-42A3-9474-1A3956D46DE8}") = "Solution Items", "Solution Items", "{B3F2B3FF-C7AA-4ECD-AE51-EBEAD402B7CA}"
	ProjectSection(SolutionItems) = preProject
		Local.testsettings = Local.testsettings
		PrismAggregatorDesignTest2.vsmdi = PrismAggregatorDesignTest2.vsmdi
		TraceAndTestImpact.testsettings = TraceAndTestImpact.testsettings
	EndProjectSection
EndProject
Project("{FAE04EC0-301F-11D3-BF4B-00C04F79EFBC}") = "SafetyProgram", "SafetyProgram\SafetyProgram.csproj", "{BEEA81AD-8CA8-431F-9B62-C7329DDE2021}"
EndProject
Project("{FAE04EC0-301F-11D3-BF4B-00C04F79EFBC}") = "SafetyProgram.Base", "SafetyProgram.Base\SafetyProgram.Base.csproj", "{1DC4D7EA-32B8-40C0-AF0D-C6786532216C}"
EndProject
Project("{FAE04EC0-301F-11D3-BF4B-00C04F79EFBC}") = "SafetyProgram.Core", "SafetyProgram.Core\SafetyProgram.Core.csproj", "{EEF19944-50C5-4965-BC69-3CD032E33309}"
EndProject
Project("{FAE04EC0-301F-11D3-BF4B-00C04F79EFBC}") = "SafetyProgram.Core.Models", "SafetyProgram.Core.Models\SafetyProgram.Core.Models.csproj", "{6F13ED53-21DD-44E9-A393-FD35117221DF}"
EndProject
Project("{FAE04EC0-301F-11D3-BF4B-00C04F79EFBC}") = "SafetyProgram.Core.Commands", "SafetyProgram.Core.Commands\SafetyProgram.Core.Commands.csproj", "{F56414F8-0849-4A8C-96F5-36DFF7F292B9}"
EndProject
Project("{FAE04EC0-301F-11D3-BF4B-00C04F79EFBC}") = "SafetyProgram.Core.IO", "SafetyProgram.Core.IO\SafetyProgram.Core.IO.csproj", "{4147DA27-504E-49F3-9ABD-DF49E509B8AE}"
EndProject
Project("{FAE04EC0-301F-11D3-BF4B-00C04F79EFBC}") = "SafetyProgram.UI", "SafetyProgram.UI\SafetyProgram.UI.csproj", "{C781FF99-3ED4-4647-BCD6-71FE4A8F43B2}"
EndProject
Project("{FAE04EC0-301F-11D3-BF4B-00C04F79EFBC}") = "SafetyProgram.UI.Document", "SafetyProgram.UI.Document\SafetyProgram.UI.Document.csproj", "{5A6C2BCF-7B42-49AA-B00F-E0FE5A632569}"
EndProject
Project("{FAE04EC0-301F-11D3-BF4B-00C04F79EFBC}") = "SafetyProgram.UI.DocumentObject", "SafetyProgram.UI.DocumentObject\SafetyProgram.UI.DocumentObject.csproj", "{C8E02939-77E0-4AC0-8E53-0BEE1B41B18A}"
EndProject
Project("{FAE04EC0-301F-11D3-BF4B-00C04F79EFBC}") = "SafetyProgram.Core.Models.Serialization", "SafetyProgram.Core.Models.Serialization\SafetyProgram.Core.Models.Serialization.csproj", "{3213A682-7B4C-44AA-8CEB-6D6444C2CADE}"
EndProject
Project("{FAE04EC0-301F-11D3-BF4B-00C04F79EFBC}") = "SafetyProgram.Core.Models.Validation", "SafetyProgram.Core.Models.Validation\SafetyProgram.Core.Models.Validation.csproj", "{F283AD74-2BC6-4B0A-8F10-DC41B6892803}"
EndProject
Global
	GlobalSection(TestCaseManagementSettings) = postSolution
		CategoryFile = PrismAggregatorDesignTest2.vsmdi
	EndGlobalSection
	GlobalSection(SolutionConfigurationPlatforms) = preSolution
		Debug|Any CPU = Debug|Any CPU
		Debug|Mixed Platforms = Debug|Mixed Platforms
		Debug|x86 = Debug|x86
		Release|Any CPU = Release|Any CPU
		Release|Mixed Platforms = Release|Mixed Platforms
		Release|x86 = Release|x86
	EndGlobalSection
	GlobalSection(ProjectConfigurationPlatforms) = postSolution
		{BEEA81AD-8CA8-431F-9B62-C7329DDE2021}.Debug|Any CPU.ActiveCfg = Debug|x86
		{BEEA81AD-8CA8-431F-9B62-C7329DDE2021}.Debug|Mixed Platforms.ActiveCfg = Debug|x86
		{BEEA81AD-8CA8-431F-9B62-C7329DDE2021}.Debug|Mixed Platforms.Build.0 = Debug|x86
		{BEEA81AD-8CA8-431F-9B62-C7329DDE2021}.Debug|x86.ActiveCfg = Debug|x86
		{BEEA81AD-8CA8-431F-9B62-C7329DDE2021}.Debug|x86.Build.0 = Debug|x86
		{BEEA81AD-8CA8-431F-9B62-C7329DDE2021}.Release|Any CPU.ActiveCfg = Release|x86
		{BEEA81AD-8CA8-431F-9B62-C7329DDE2021}.Release|Mixed Platforms.ActiveCfg = Release|x86
		{BEEA81AD-8CA8-431F-9B62-C7329DDE2021}.Release|Mixed Platforms.Build.0 = Release|x86
		{BEEA81AD-8CA8-431F-9B62-C7329DDE2021}.Release|x86.ActiveCfg = Release|x86
		{BEEA81AD-8CA8-431F-9B62-C7329DDE2021}.Release|x86.Build.0 = Release|x86
		{1DC4D7EA-32B8-40C0-AF0D-C6786532216C}.Debug|Any CPU.ActiveCfg = Debug|x86
		{1DC4D7EA-32B8-40C0-AF0D-C6786532216C}.Debug|Mixed Platforms.ActiveCfg = Debug|x86
		{1DC4D7EA-32B8-40C0-AF0D-C6786532216C}.Debug|Mixed Platforms.Build.0 = Debug|x86
		{1DC4D7EA-32B8-40C0-AF0D-C6786532216C}.Debug|x86.ActiveCfg = Debug|x86
		{1DC4D7EA-32B8-40C0-AF0D-C6786532216C}.Debug|x86.Build.0 = Debug|x86
		{1DC4D7EA-32B8-40C0-AF0D-C6786532216C}.Release|Any CPU.ActiveCfg = Release|x86
		{1DC4D7EA-32B8-40C0-AF0D-C6786532216C}.Release|Mixed Platforms.ActiveCfg = Release|x86
		{1DC4D7EA-32B8-40C0-AF0D-C6786532216C}.Release|Mixed Platforms.Build.0 = Release|x86
		{1DC4D7EA-32B8-40C0-AF0D-C6786532216C}.Release|x86.ActiveCfg = Release|x86
		{1DC4D7EA-32B8-40C0-AF0D-C6786532216C}.Release|x86.Build.0 = Release|x86
		{EEF19944-50C5-4965-BC69-3CD032E33309}.Debug|Any CPU.ActiveCfg = Debug|Any CPU
		{EEF19944-50C5-4965-BC69-3CD032E33309}.Debug|Any CPU.Build.0 = Debug|Any CPU
		{EEF19944-50C5-4965-BC69-3CD032E33309}.Debug|Mixed Platforms.ActiveCfg = Debug|Any CPU
		{EEF19944-50C5-4965-BC69-3CD032E33309}.Debug|Mixed Platforms.Build.0 = Debug|Any CPU
		{EEF19944-50C5-4965-BC69-3CD032E33309}.Debug|x86.ActiveCfg = Debug|x86
		{EEF19944-50C5-4965-BC69-3CD032E33309}.Debug|x86.Build.0 = Debug|x86
		{EEF19944-50C5-4965-BC69-3CD032E33309}.Release|Any CPU.ActiveCfg = Release|Any CPU
		{EEF19944-50C5-4965-BC69-3CD032E33309}.Release|Any CPU.Build.0 = Release|Any CPU
		{EEF19944-50C5-4965-BC69-3CD032E33309}.Release|Mixed Platforms.ActiveCfg = Release|Any CPU
		{EEF19944-50C5-4965-BC69-3CD032E33309}.Release|Mixed Platforms.Build.0 = Release|Any CPU
		{EEF19944-50C5-4965-BC69-3CD032E33309}.Release|x86.ActiveCfg = Release|Any CPU
		{6F13ED53-21DD-44E9-A393-FD35117221DF}.Debug|Any CPU.ActiveCfg = Debug|Any CPU
		{6F13ED53-21DD-44E9-A393-FD35117221DF}.Debug|Any CPU.Build.0 = Debug|Any CPU
		{6F13ED53-21DD-44E9-A393-FD35117221DF}.Debug|Mixed Platforms.ActiveCfg = Debug|Any CPU
		{6F13ED53-21DD-44E9-A393-FD35117221DF}.Debug|Mixed Platforms.Build.0 = Debug|Any CPU
		{6F13ED53-21DD-44E9-A393-FD35117221DF}.Debug|x86.ActiveCfg = Debug|x86
		{6F13ED53-21DD-44E9-A393-FD35117221DF}.Debug|x86.Build.0 = Debug|x86
		{6F13ED53-21DD-44E9-A393-FD35117221DF}.Release|Any CPU.ActiveCfg = Release|Any CPU
		{6F13ED53-21DD-44E9-A393-FD35117221DF}.Release|Any CPU.Build.0 = Release|Any CPU
		{6F13ED53-21DD-44E9-A393-FD35117221DF}.Release|Mixed Platforms.ActiveCfg = Release|Any CPU
		{6F13ED53-21DD-44E9-A393-FD35117221DF}.Release|Mixed Platforms.Build.0 = Release|Any CPU
		{6F13ED53-21DD-44E9-A393-FD35117221DF}.Release|x86.ActiveCfg = Release|Any CPU
		{F56414F8-0849-4A8C-96F5-36DFF7F292B9}.Debug|Any CPU.ActiveCfg = Debug|Any CPU
		{F56414F8-0849-4A8C-96F5-36DFF7F292B9}.Debug|Any CPU.Build.0 = Debug|Any CPU
		{F56414F8-0849-4A8C-96F5-36DFF7F292B9}.Debug|Mixed Platforms.ActiveCfg = Debug|Any CPU
		{F56414F8-0849-4A8C-96F5-36DFF7F292B9}.Debug|Mixed Platforms.Build.0 = Debug|Any CPU
		{F56414F8-0849-4A8C-96F5-36DFF7F292B9}.Debug|x86.ActiveCfg = Debug|x86
		{F56414F8-0849-4A8C-96F5-36DFF7F292B9}.Debug|x86.Build.0 = Debug|x86
		{F56414F8-0849-4A8C-96F5-36DFF7F292B9}.Release|Any CPU.ActiveCfg = Release|Any CPU
		{F56414F8-0849-4A8C-96F5-36DFF7F292B9}.Release|Any CPU.Build.0 = Release|Any CPU
		{F56414F8-0849-4A8C-96F5-36DFF7F292B9}.Release|Mixed Platforms.ActiveCfg = Release|Any CPU
		{F56414F8-0849-4A8C-96F5-36DFF7F292B9}.Release|Mixed Platforms.Build.0 = Release|Any CPU
		{F56414F8-0849-4A8C-96F5-36DFF7F292B9}.Release|x86.ActiveCfg = Release|Any CPU
		{4147DA27-504E-49F3-9ABD-DF49E509B8AE}.Debug|Any CPU.ActiveCfg = Debug|Any CPU
		{4147DA27-504E-49F3-9ABD-DF49E509B8AE}.Debug|Any CPU.Build.0 = Debug|Any CPU
		{4147DA27-504E-49F3-9ABD-DF49E509B8AE}.Debug|Mixed Platforms.ActiveCfg = Debug|Any CPU
		{4147DA27-504E-49F3-9ABD-DF49E509B8AE}.Debug|Mixed Platforms.Build.0 = Debug|Any CPU
		{4147DA27-504E-49F3-9ABD-DF49E509B8AE}.Debug|x86.ActiveCfg = Debug|x86
		{4147DA27-504E-49F3-9ABD-DF49E509B8AE}.Debug|x86.Build.0 = Debug|x86
		{4147DA27-504E-49F3-9ABD-DF49E509B8AE}.Release|Any CPU.ActiveCfg = Release|Any CPU
		{4147DA27-504E-49F3-9ABD-DF49E509B8AE}.Release|Any CPU.Build.0 = Release|Any CPU
		{4147DA27-504E-49F3-9ABD-DF49E509B8AE}.Release|Mixed Platforms.ActiveCfg = Release|Any CPU
		{4147DA27-504E-49F3-9ABD-DF49E509B8AE}.Release|Mixed Platforms.Build.0 = Release|Any CPU
		{4147DA27-504E-49F3-9ABD-DF49E509B8AE}.Release|x86.ActiveCfg = Release|Any CPU
		{C781FF99-3ED4-4647-BCD6-71FE4A8F43B2}.Debug|Any CPU.ActiveCfg = Debug|Any CPU
		{C781FF99-3ED4-4647-BCD6-71FE4A8F43B2}.Debug|Any CPU.Build.0 = Debug|Any CPU
		{C781FF99-3ED4-4647-BCD6-71FE4A8F43B2}.Debug|Mixed Platforms.ActiveCfg = Debug|Any CPU
		{C781FF99-3ED4-4647-BCD6-71FE4A8F43B2}.Debug|Mixed Platforms.Build.0 = Debug|Any CPU
		{C781FF99-3ED4-4647-BCD6-71FE4A8F43B2}.Debug|x86.ActiveCfg = Debug|x86
		{C781FF99-3ED4-4647-BCD6-71FE4A8F43B2}.Debug|x86.Build.0 = Debug|x86
		{C781FF99-3ED4-4647-BCD6-71FE4A8F43B2}.Release|Any CPU.ActiveCfg = Release|Any CPU
		{C781FF99-3ED4-4647-BCD6-71FE4A8F43B2}.Release|Any CPU.Build.0 = Release|Any CPU
		{C781FF99-3ED4-4647-BCD6-71FE4A8F43B2}.Release|Mixed Platforms.ActiveCfg = Release|Any CPU
		{C781FF99-3ED4-4647-BCD6-71FE4A8F43B2}.Release|Mixed Platforms.Build.0 = Release|Any CPU
		{C781FF99-3ED4-4647-BCD6-71FE4A8F43B2}.Release|x86.ActiveCfg = Release|Any CPU
		{5A6C2BCF-7B42-49AA-B00F-E0FE5A632569}.Debug|Any CPU.ActiveCfg = Debug|Any CPU
		{5A6C2BCF-7B42-49AA-B00F-E0FE5A632569}.Debug|Any CPU.Build.0 = Debug|Any CPU
		{5A6C2BCF-7B42-49AA-B00F-E0FE5A632569}.Debug|Mixed Platforms.ActiveCfg = Debug|Any CPU
		{5A6C2BCF-7B42-49AA-B00F-E0FE5A632569}.Debug|Mixed Platforms.Build.0 = Debug|Any CPU
		{5A6C2BCF-7B42-49AA-B00F-E0FE5A632569}.Debug|x86.ActiveCfg = Debug|x86
		{5A6C2BCF-7B42-49AA-B00F-E0FE5A632569}.Debug|x86.Build.0 = Debug|x86
		{5A6C2BCF-7B42-49AA-B00F-E0FE5A632569}.Release|Any CPU.ActiveCfg = Release|Any CPU
		{5A6C2BCF-7B42-49AA-B00F-E0FE5A632569}.Release|Any CPU.Build.0 = Release|Any CPU
		{5A6C2BCF-7B42-49AA-B00F-E0FE5A632569}.Release|Mixed Platforms.ActiveCfg = Release|Any CPU
		{5A6C2BCF-7B42-49AA-B00F-E0FE5A632569}.Release|Mixed Platforms.Build.0 = Release|Any CPU
		{5A6C2BCF-7B42-49AA-B00F-E0FE5A632569}.Release|x86.ActiveCfg = Release|Any CPU
		{C8E02939-77E0-4AC0-8E53-0BEE1B41B18A}.Debug|Any CPU.ActiveCfg = Debug|Any CPU
		{C8E02939-77E0-4AC0-8E53-0BEE1B41B18A}.Debug|Any CPU.Build.0 = Debug|Any CPU
		{C8E02939-77E0-4AC0-8E53-0BEE1B41B18A}.Debug|Mixed Platforms.ActiveCfg = Debug|Any CPU
		{C8E02939-77E0-4AC0-8E53-0BEE1B41B18A}.Debug|Mixed Platforms.Build.0 = Debug|Any CPU
		{C8E02939-77E0-4AC0-8E53-0BEE1B41B18A}.Debug|x86.ActiveCfg = Debug|x86
		{C8E02939-77E0-4AC0-8E53-0BEE1B41B18A}.Debug|x86.Build.0 = Debug|x86
		{C8E02939-77E0-4AC0-8E53-0BEE1B41B18A}.Release|Any CPU.ActiveCfg = Release|Any CPU
		{C8E02939-77E0-4AC0-8E53-0BEE1B41B18A}.Release|Any CPU.Build.0 = Release|Any CPU
		{C8E02939-77E0-4AC0-8E53-0BEE1B41B18A}.Release|Mixed Platforms.ActiveCfg = Release|Any CPU
		{C8E02939-77E0-4AC0-8E53-0BEE1B41B18A}.Release|Mixed Platforms.Build.0 = Release|Any CPU
		{C8E02939-77E0-4AC0-8E53-0BEE1B41B18A}.Release|x86.ActiveCfg = Release|Any CPU
		{3213A682-7B4C-44AA-8CEB-6D6444C2CADE}.Debug|Any CPU.ActiveCfg = Debug|Any CPU
		{3213A682-7B4C-44AA-8CEB-6D6444C2CADE}.Debug|Any CPU.Build.0 = Debug|Any CPU
		{3213A682-7B4C-44AA-8CEB-6D6444C2CADE}.Debug|Mixed Platforms.ActiveCfg = Debug|Any CPU
		{3213A682-7B4C-44AA-8CEB-6D6444C2CADE}.Debug|Mixed Platforms.Build.0 = Debug|Any CPU
		{3213A682-7B4C-44AA-8CEB-6D6444C2CADE}.Debug|x86.ActiveCfg = Debug|x86
		{3213A682-7B4C-44AA-8CEB-6D6444C2CADE}.Debug|x86.Build.0 = Debug|x86
		{3213A682-7B4C-44AA-8CEB-6D6444C2CADE}.Release|Any CPU.ActiveCfg = Release|Any CPU
		{3213A682-7B4C-44AA-8CEB-6D6444C2CADE}.Release|Any CPU.Build.0 = Release|Any CPU
		{3213A682-7B4C-44AA-8CEB-6D6444C2CADE}.Release|Mixed Platforms.ActiveCfg = Release|Any CPU
		{3213A682-7B4C-44AA-8CEB-6D6444C2CADE}.Release|Mixed Platforms.Build.0 = Release|Any CPU
		{3213A682-7B4C-44AA-8CEB-6D6444C2CADE}.Release|x86.ActiveCfg = Release|Any CPU
		{F283AD74-2BC6-4B0A-8F10-DC41B6892803}.Debug|Any CPU.ActiveCfg = Debug|Any CPU
		{F283AD74-2BC6-4B0A-8F10-DC41B6892803}.Debug|Any CPU.Build.0 = Debug|Any CPU
		{F283AD74-2BC6-4B0A-8F10-DC41B6892803}.Debug|Mixed Platforms.ActiveCfg = Debug|Any CPU
		{F283AD74-2BC6-4B0A-8F10-DC41B6892803}.Debug|Mixed Platforms.Build.0 = Debug|Any CPU
		{F283AD74-2BC6-4B0A-8F10-DC41B6892803}.Debug|x86.ActiveCfg = Debug|x86
		{F283AD74-2BC6-4B0A-8F10-DC41B6892803}.Debug|x86.Build.0 = Debug|x86
		{F283AD74-2BC6-4B0A-8F10-DC41B6892803}.Release|Any CPU.ActiveCfg = Release|Any CPU
		{F283AD74-2BC6-4B0A-8F10-DC41B6892803}.Release|Any CPU.Build.0 = Release|Any CPU
		{F283AD74-2BC6-4B0A-8F10-DC41B6892803}.Release|Mixed Platforms.ActiveCfg = Release|Any CPU
		{F283AD74-2BC6-4B0A-8F10-DC41B6892803}.Release|Mixed Platforms.Build.0 = Release|Any CPU
		{F283AD74-2BC6-4B0A-8F10-DC41B6892803}.Release|x86.ActiveCfg = Release|Any CPU
	EndGlobalSection
	GlobalSection(SolutionProperties) = preSolution
		HideSolutionNode = FALSE
	EndGlobalSection
	GlobalSection(Performance) = preSolution
		HasPerformanceSessions = true
	EndGlobalSection
EndGlobal
