
Microsoft Visual Studio Solution File, Format Version 12.00
# Visual Studio 2012
Project("{2150E333-8FDC-42A3-9474-1A3956D46DE8}") = "Solution Items", "Solution Items", "{B3F2B3FF-C7AA-4ECD-AE51-EBEAD402B7CA}"
	ProjectSection(SolutionItems) = preProject
		Local.testsettings = Local.testsettings
		PrismAggregatorDesignTest2.vsmdi = PrismAggregatorDesignTest2.vsmdi
		TraceAndTestImpact.testsettings = TraceAndTestImpact.testsettings
	EndProjectSection
EndProject
Project("{FAE04EC0-301F-11D3-BF4B-00C04F79EFBC}") = "SafetyProgram", "SafetyProgram\SafetyProgram.csproj", "{BEEA81AD-8CA8-431F-9B62-C7329DDE2021}"
EndProject
Project("{FAE04EC0-301F-11D3-BF4B-00C04F79EFBC}") = "SafetyProgram.UI.Views", "SafetyProgram.UI.Views\SafetyProgram.UI.Views.csproj", "{1F897AAB-59C3-4E70-BA89-3090311C93E9}"
	ProjectSection(ProjectDependencies) = postProject
		{4C92FCF4-3561-499F-BC5B-F2F089863047} = {4C92FCF4-3561-499F-BC5B-F2F089863047}
	EndProjectSection
EndProject
Project("{F2A71F9B-5D33-465A-A702-920D77279786}") = "SafetyProgram.UI.ViewModels", "SafetyProgram.UI.ViewModels\SafetyProgram.UI.ViewModels.fsproj", "{5B65FDB7-C8E7-41FB-B170-0E3C5725D20A}"
EndProject
Project("{F2A71F9B-5D33-465A-A702-920D77279786}") = "SafetyProgram.UI", "SafetyProgram.UI\SafetyProgram.UI.fsproj", "{D3BD9BAE-DBF1-44B3-AB6C-53279266C792}"
EndProject
Project("{F2A71F9B-5D33-465A-A702-920D77279786}") = "SafetyProgram.Core.Models", "SafetyProgram.Core.Models\SafetyProgram.Core.Models.fsproj", "{E34B1152-D56F-440E-AD78-D525FDAE86AF}"
EndProject
Project("{F2A71F9B-5D33-465A-A702-920D77279786}") = "SafetyProgram.Core", "SafetyProgram.Core\SafetyProgram.Core.fsproj", "{E6408F8F-B8BA-4C0A-A066-4CC3465F1A88}"
EndProject
Project("{F2A71F9B-5D33-465A-A702-920D77279786}") = "SafetyProgram.Core.Models.Serialization", "SafetyProgram.Core.Models.Serialization\SafetyProgram.Core.Models.Serialization.fsproj", "{C15235CF-54EC-467B-9B87-609AAA999CF6}"
EndProject
Project("{FAE04EC0-301F-11D3-BF4B-00C04F79EFBC}") = "SafetyProgram.Base", "SafetyProgram.Base\SafetyProgram.Base.csproj", "{1DC4D7EA-32B8-40C0-AF0D-C6786532216C}"
EndProject
Project("{FAE04EC0-301F-11D3-BF4B-00C04F79EFBC}") = "Fluent dotNET 4.0", "SafetyProgram.ExternalLibraries\Fluent\Fluent\Fluent dotNET 4.0.csproj", "{4C92FCF4-3561-499F-BC5B-F2F089863047}"
EndProject
Project("{F2A71F9B-5D33-465A-A702-920D77279786}") = "SafetyProgram.Core.IO", "SafetyProgram.Core.IO\SafetyProgram.Core.IO.fsproj", "{C95D174D-A8AA-455D-AB70-A9BBD0355656}"
EndProject
Project("{F2A71F9B-5D33-465A-A702-920D77279786}") = "SafetyProgram.Core.Commands", "SafetyProgram.Core.Commands\SafetyProgram.Core.Commands.fsproj", "{F55581BD-CB1E-4D0F-8523-2202C5C830EA}"
EndProject
Global
	GlobalSection(TestCaseManagementSettings) = postSolution
		CategoryFile = PrismAggregatorDesignTest2.vsmdi
	EndGlobalSection
	GlobalSection(SolutionConfigurationPlatforms) = preSolution
		Debug|Any CPU = Debug|Any CPU
		Debug|Mixed Platforms = Debug|Mixed Platforms
		Debug|x86 = Debug|x86
		Release|Any CPU = Release|Any CPU
		Release|Mixed Platforms = Release|Mixed Platforms
		Release|x86 = Release|x86
	EndGlobalSection
	GlobalSection(ProjectConfigurationPlatforms) = postSolution
		{BEEA81AD-8CA8-431F-9B62-C7329DDE2021}.Debug|Any CPU.ActiveCfg = Debug|Any CPU
		{BEEA81AD-8CA8-431F-9B62-C7329DDE2021}.Debug|Any CPU.Build.0 = Debug|Any CPU
		{BEEA81AD-8CA8-431F-9B62-C7329DDE2021}.Debug|Mixed Platforms.ActiveCfg = Debug|Any CPU
		{BEEA81AD-8CA8-431F-9B62-C7329DDE2021}.Debug|Mixed Platforms.Build.0 = Debug|Any CPU
		{BEEA81AD-8CA8-431F-9B62-C7329DDE2021}.Debug|x86.ActiveCfg = Debug|x86
		{BEEA81AD-8CA8-431F-9B62-C7329DDE2021}.Debug|x86.Build.0 = Debug|x86
		{BEEA81AD-8CA8-431F-9B62-C7329DDE2021}.Release|Any CPU.ActiveCfg = Release|x86
		{BEEA81AD-8CA8-431F-9B62-C7329DDE2021}.Release|Mixed Platforms.ActiveCfg = Release|x86
		{BEEA81AD-8CA8-431F-9B62-C7329DDE2021}.Release|Mixed Platforms.Build.0 = Release|x86
		{BEEA81AD-8CA8-431F-9B62-C7329DDE2021}.Release|x86.ActiveCfg = Release|x86
		{BEEA81AD-8CA8-431F-9B62-C7329DDE2021}.Release|x86.Build.0 = Release|x86
		{1F897AAB-59C3-4E70-BA89-3090311C93E9}.Debug|Any CPU.ActiveCfg = Debug|Any CPU
		{1F897AAB-59C3-4E70-BA89-3090311C93E9}.Debug|Any CPU.Build.0 = Debug|Any CPU
		{1F897AAB-59C3-4E70-BA89-3090311C93E9}.Debug|Mixed Platforms.ActiveCfg = Debug|Any CPU
		{1F897AAB-59C3-4E70-BA89-3090311C93E9}.Debug|Mixed Platforms.Build.0 = Debug|Any CPU
		{1F897AAB-59C3-4E70-BA89-3090311C93E9}.Debug|x86.ActiveCfg = Debug|Any CPU
		{1F897AAB-59C3-4E70-BA89-3090311C93E9}.Release|Any CPU.ActiveCfg = Release|Any CPU
		{1F897AAB-59C3-4E70-BA89-3090311C93E9}.Release|Any CPU.Build.0 = Release|Any CPU
		{1F897AAB-59C3-4E70-BA89-3090311C93E9}.Release|Mixed Platforms.ActiveCfg = Release|Any CPU
		{1F897AAB-59C3-4E70-BA89-3090311C93E9}.Release|Mixed Platforms.Build.0 = Release|Any CPU
		{1F897AAB-59C3-4E70-BA89-3090311C93E9}.Release|x86.ActiveCfg = Release|Any CPU
		{5B65FDB7-C8E7-41FB-B170-0E3C5725D20A}.Debug|Any CPU.ActiveCfg = Debug|Any CPU
		{5B65FDB7-C8E7-41FB-B170-0E3C5725D20A}.Debug|Any CPU.Build.0 = Debug|Any CPU
		{5B65FDB7-C8E7-41FB-B170-0E3C5725D20A}.Debug|Mixed Platforms.ActiveCfg = Debug|Any CPU
		{5B65FDB7-C8E7-41FB-B170-0E3C5725D20A}.Debug|Mixed Platforms.Build.0 = Debug|Any CPU
		{5B65FDB7-C8E7-41FB-B170-0E3C5725D20A}.Debug|x86.ActiveCfg = Debug|Any CPU
		{5B65FDB7-C8E7-41FB-B170-0E3C5725D20A}.Release|Any CPU.ActiveCfg = Release|Any CPU
		{5B65FDB7-C8E7-41FB-B170-0E3C5725D20A}.Release|Any CPU.Build.0 = Release|Any CPU
		{5B65FDB7-C8E7-41FB-B170-0E3C5725D20A}.Release|Mixed Platforms.ActiveCfg = Release|Any CPU
		{5B65FDB7-C8E7-41FB-B170-0E3C5725D20A}.Release|Mixed Platforms.Build.0 = Release|Any CPU
		{5B65FDB7-C8E7-41FB-B170-0E3C5725D20A}.Release|x86.ActiveCfg = Release|Any CPU
		{D3BD9BAE-DBF1-44B3-AB6C-53279266C792}.Debug|Any CPU.ActiveCfg = Debug|Any CPU
		{D3BD9BAE-DBF1-44B3-AB6C-53279266C792}.Debug|Any CPU.Build.0 = Debug|Any CPU
		{D3BD9BAE-DBF1-44B3-AB6C-53279266C792}.Debug|Mixed Platforms.ActiveCfg = Debug|Any CPU
		{D3BD9BAE-DBF1-44B3-AB6C-53279266C792}.Debug|Mixed Platforms.Build.0 = Debug|Any CPU
		{D3BD9BAE-DBF1-44B3-AB6C-53279266C792}.Debug|x86.ActiveCfg = Debug|Any CPU
		{D3BD9BAE-DBF1-44B3-AB6C-53279266C792}.Release|Any CPU.ActiveCfg = Release|Any CPU
		{D3BD9BAE-DBF1-44B3-AB6C-53279266C792}.Release|Any CPU.Build.0 = Release|Any CPU
		{D3BD9BAE-DBF1-44B3-AB6C-53279266C792}.Release|Mixed Platforms.ActiveCfg = Release|Any CPU
		{D3BD9BAE-DBF1-44B3-AB6C-53279266C792}.Release|Mixed Platforms.Build.0 = Release|Any CPU
		{D3BD9BAE-DBF1-44B3-AB6C-53279266C792}.Release|x86.ActiveCfg = Release|Any CPU
		{E34B1152-D56F-440E-AD78-D525FDAE86AF}.Debug|Any CPU.ActiveCfg = Debug|Any CPU
		{E34B1152-D56F-440E-AD78-D525FDAE86AF}.Debug|Any CPU.Build.0 = Debug|Any CPU
		{E34B1152-D56F-440E-AD78-D525FDAE86AF}.Debug|Mixed Platforms.ActiveCfg = Debug|Any CPU
		{E34B1152-D56F-440E-AD78-D525FDAE86AF}.Debug|Mixed Platforms.Build.0 = Debug|Any CPU
		{E34B1152-D56F-440E-AD78-D525FDAE86AF}.Debug|x86.ActiveCfg = Debug|Any CPU
		{E34B1152-D56F-440E-AD78-D525FDAE86AF}.Release|Any CPU.ActiveCfg = Release|Any CPU
		{E34B1152-D56F-440E-AD78-D525FDAE86AF}.Release|Any CPU.Build.0 = Release|Any CPU
		{E34B1152-D56F-440E-AD78-D525FDAE86AF}.Release|Mixed Platforms.ActiveCfg = Release|Any CPU
		{E34B1152-D56F-440E-AD78-D525FDAE86AF}.Release|Mixed Platforms.Build.0 = Release|Any CPU
		{E34B1152-D56F-440E-AD78-D525FDAE86AF}.Release|x86.ActiveCfg = Release|Any CPU
		{E6408F8F-B8BA-4C0A-A066-4CC3465F1A88}.Debug|Any CPU.ActiveCfg = Debug|Any CPU
		{E6408F8F-B8BA-4C0A-A066-4CC3465F1A88}.Debug|Any CPU.Build.0 = Debug|Any CPU
		{E6408F8F-B8BA-4C0A-A066-4CC3465F1A88}.Debug|Mixed Platforms.ActiveCfg = Debug|Any CPU
		{E6408F8F-B8BA-4C0A-A066-4CC3465F1A88}.Debug|Mixed Platforms.Build.0 = Debug|Any CPU
		{E6408F8F-B8BA-4C0A-A066-4CC3465F1A88}.Debug|x86.ActiveCfg = Debug|Any CPU
		{E6408F8F-B8BA-4C0A-A066-4CC3465F1A88}.Release|Any CPU.ActiveCfg = Release|Any CPU
		{E6408F8F-B8BA-4C0A-A066-4CC3465F1A88}.Release|Any CPU.Build.0 = Release|Any CPU
		{E6408F8F-B8BA-4C0A-A066-4CC3465F1A88}.Release|Mixed Platforms.ActiveCfg = Release|Any CPU
		{E6408F8F-B8BA-4C0A-A066-4CC3465F1A88}.Release|Mixed Platforms.Build.0 = Release|Any CPU
		{E6408F8F-B8BA-4C0A-A066-4CC3465F1A88}.Release|x86.ActiveCfg = Release|Any CPU
		{C15235CF-54EC-467B-9B87-609AAA999CF6}.Debug|Any CPU.ActiveCfg = Debug|Any CPU
		{C15235CF-54EC-467B-9B87-609AAA999CF6}.Debug|Any CPU.Build.0 = Debug|Any CPU
		{C15235CF-54EC-467B-9B87-609AAA999CF6}.Debug|Mixed Platforms.ActiveCfg = Debug|Any CPU
		{C15235CF-54EC-467B-9B87-609AAA999CF6}.Debug|Mixed Platforms.Build.0 = Debug|Any CPU
		{C15235CF-54EC-467B-9B87-609AAA999CF6}.Debug|x86.ActiveCfg = Debug|Any CPU
		{C15235CF-54EC-467B-9B87-609AAA999CF6}.Release|Any CPU.ActiveCfg = Release|Any CPU
		{C15235CF-54EC-467B-9B87-609AAA999CF6}.Release|Any CPU.Build.0 = Release|Any CPU
		{C15235CF-54EC-467B-9B87-609AAA999CF6}.Release|Mixed Platforms.ActiveCfg = Release|Any CPU
		{C15235CF-54EC-467B-9B87-609AAA999CF6}.Release|Mixed Platforms.Build.0 = Release|Any CPU
		{C15235CF-54EC-467B-9B87-609AAA999CF6}.Release|x86.ActiveCfg = Release|Any CPU
		{1DC4D7EA-32B8-40C0-AF0D-C6786532216C}.Debug|Any CPU.ActiveCfg = Debug|Any CPU
		{1DC4D7EA-32B8-40C0-AF0D-C6786532216C}.Debug|Any CPU.Build.0 = Debug|Any CPU
		{1DC4D7EA-32B8-40C0-AF0D-C6786532216C}.Debug|Mixed Platforms.ActiveCfg = Debug|Any CPU
		{1DC4D7EA-32B8-40C0-AF0D-C6786532216C}.Debug|Mixed Platforms.Build.0 = Debug|Any CPU
		{1DC4D7EA-32B8-40C0-AF0D-C6786532216C}.Debug|x86.ActiveCfg = Debug|x86
		{1DC4D7EA-32B8-40C0-AF0D-C6786532216C}.Debug|x86.Build.0 = Debug|x86
		{1DC4D7EA-32B8-40C0-AF0D-C6786532216C}.Release|Any CPU.ActiveCfg = Release|Any CPU
		{1DC4D7EA-32B8-40C0-AF0D-C6786532216C}.Release|Any CPU.Build.0 = Release|Any CPU
		{1DC4D7EA-32B8-40C0-AF0D-C6786532216C}.Release|Mixed Platforms.ActiveCfg = Release|x86
		{1DC4D7EA-32B8-40C0-AF0D-C6786532216C}.Release|Mixed Platforms.Build.0 = Release|x86
		{1DC4D7EA-32B8-40C0-AF0D-C6786532216C}.Release|x86.ActiveCfg = Release|x86
		{1DC4D7EA-32B8-40C0-AF0D-C6786532216C}.Release|x86.Build.0 = Release|x86
		{4C92FCF4-3561-499F-BC5B-F2F089863047}.Debug|Any CPU.ActiveCfg = Debug|Any CPU
		{4C92FCF4-3561-499F-BC5B-F2F089863047}.Debug|Any CPU.Build.0 = Debug|Any CPU
		{4C92FCF4-3561-499F-BC5B-F2F089863047}.Debug|Mixed Platforms.ActiveCfg = Debug|Any CPU
		{4C92FCF4-3561-499F-BC5B-F2F089863047}.Debug|Mixed Platforms.Build.0 = Debug|Any CPU
		{4C92FCF4-3561-499F-BC5B-F2F089863047}.Debug|x86.ActiveCfg = Debug|Any CPU
		{4C92FCF4-3561-499F-BC5B-F2F089863047}.Release|Any CPU.ActiveCfg = Release|Any CPU
		{4C92FCF4-3561-499F-BC5B-F2F089863047}.Release|Any CPU.Build.0 = Release|Any CPU
		{4C92FCF4-3561-499F-BC5B-F2F089863047}.Release|Mixed Platforms.ActiveCfg = Release|Any CPU
		{4C92FCF4-3561-499F-BC5B-F2F089863047}.Release|Mixed Platforms.Build.0 = Release|Any CPU
		{4C92FCF4-3561-499F-BC5B-F2F089863047}.Release|x86.ActiveCfg = Release|Any CPU
		{C95D174D-A8AA-455D-AB70-A9BBD0355656}.Debug|Any CPU.ActiveCfg = Debug|Any CPU
		{C95D174D-A8AA-455D-AB70-A9BBD0355656}.Debug|Any CPU.Build.0 = Debug|Any CPU
		{C95D174D-A8AA-455D-AB70-A9BBD0355656}.Debug|Mixed Platforms.ActiveCfg = Debug|Any CPU
		{C95D174D-A8AA-455D-AB70-A9BBD0355656}.Debug|Mixed Platforms.Build.0 = Debug|Any CPU
		{C95D174D-A8AA-455D-AB70-A9BBD0355656}.Debug|x86.ActiveCfg = Debug|Any CPU
		{C95D174D-A8AA-455D-AB70-A9BBD0355656}.Release|Any CPU.ActiveCfg = Release|Any CPU
		{C95D174D-A8AA-455D-AB70-A9BBD0355656}.Release|Any CPU.Build.0 = Release|Any CPU
		{C95D174D-A8AA-455D-AB70-A9BBD0355656}.Release|Mixed Platforms.ActiveCfg = Release|Any CPU
		{C95D174D-A8AA-455D-AB70-A9BBD0355656}.Release|Mixed Platforms.Build.0 = Release|Any CPU
		{C95D174D-A8AA-455D-AB70-A9BBD0355656}.Release|x86.ActiveCfg = Release|Any CPU
		{F55581BD-CB1E-4D0F-8523-2202C5C830EA}.Debug|Any CPU.ActiveCfg = Debug|Any CPU
		{F55581BD-CB1E-4D0F-8523-2202C5C830EA}.Debug|Any CPU.Build.0 = Debug|Any CPU
		{F55581BD-CB1E-4D0F-8523-2202C5C830EA}.Debug|Mixed Platforms.ActiveCfg = Debug|Any CPU
		{F55581BD-CB1E-4D0F-8523-2202C5C830EA}.Debug|Mixed Platforms.Build.0 = Debug|Any CPU
		{F55581BD-CB1E-4D0F-8523-2202C5C830EA}.Debug|x86.ActiveCfg = Debug|Any CPU
		{F55581BD-CB1E-4D0F-8523-2202C5C830EA}.Release|Any CPU.ActiveCfg = Release|Any CPU
		{F55581BD-CB1E-4D0F-8523-2202C5C830EA}.Release|Any CPU.Build.0 = Release|Any CPU
		{F55581BD-CB1E-4D0F-8523-2202C5C830EA}.Release|Mixed Platforms.ActiveCfg = Release|Any CPU
		{F55581BD-CB1E-4D0F-8523-2202C5C830EA}.Release|Mixed Platforms.Build.0 = Release|Any CPU
		{F55581BD-CB1E-4D0F-8523-2202C5C830EA}.Release|x86.ActiveCfg = Release|Any CPU
	EndGlobalSection
	GlobalSection(SolutionProperties) = preSolution
		HideSolutionNode = FALSE
	EndGlobalSection
EndGlobal
