
Microsoft Visual Studio Solution File, Format Version 12.00
# Visual Studio 2013
VisualStudioVersion = 12.0.21005.1
MinimumVisualStudioVersion = 10.0.40219.1
Project("{2150E333-8FDC-42A3-9474-1A3956D46DE8}") = "Solution Items", "Solution Items", "{B3F2B3FF-C7AA-4ECD-AE51-EBEAD402B7CA}"
	ProjectSection(SolutionItems) = preProject
		Local.testsettings = Local.testsettings
		PrismAggregatorDesignTest2.vsmdi = PrismAggregatorDesignTest2.vsmdi
		TraceAndTestImpact.testsettings = TraceAndTestImpact.testsettings
	EndProjectSection
EndProject
Project("{FAE04EC0-301F-11D3-BF4B-00C04F79EFBC}") = "SafetyProgram", "SafetyProgram\SafetyProgram.csproj", "{BEEA81AD-8CA8-431F-9B62-C7329DDE2021}"
EndProject
Project("{FAE04EC0-301F-11D3-BF4B-00C04F79EFBC}") = "SafetyProgram.UI.Views", "SafetyProgram.UI.Views\SafetyProgram.UI.Views.csproj", "{1F897AAB-59C3-4E70-BA89-3090311C93E9}"
EndProject
Project("{F2A71F9B-5D33-465A-A702-920D77279786}") = "SafetyProgram.UI", "SafetyProgram.UI\SafetyProgram.UI.fsproj", "{D3BD9BAE-DBF1-44B3-AB6C-53279266C792}"
EndProject
Project("{F2A71F9B-5D33-465A-A702-920D77279786}") = "SafetyProgram.Core.Models", "SafetyProgram.Core.Models\SafetyProgram.Core.Models.fsproj", "{E34B1152-D56F-440E-AD78-D525FDAE86AF}"
EndProject
Project("{F2A71F9B-5D33-465A-A702-920D77279786}") = "SafetyProgram.Core.Models.Serialization", "SafetyProgram.Core.Models.Serialization\SafetyProgram.Core.Models.Serialization.fsproj", "{C15235CF-54EC-467B-9B87-609AAA999CF6}"
EndProject
Project("{F2A71F9B-5D33-465A-A702-920D77279786}") = "SafetyProgram.Core.IO", "SafetyProgram.Core.IO\SafetyProgram.Core.IO.fsproj", "{C95D174D-A8AA-455D-AB70-A9BBD0355656}"
EndProject
Project("{F2A71F9B-5D33-465A-A702-920D77279786}") = "SafetyProgram.UI.Models", "SafetyProgram.UI.Models\SafetyProgram.UI.Models.fsproj", "{43C1FE2B-EFDB-47DA-8232-C4DBD9C5EE2E}"
EndProject
Project("{F2A71F9B-5D33-465A-A702-920D77279786}") = "SafetyProgram.UI.Commands", "SafetyProgram.UI.Commands\SafetyProgram.UI.Commands.fsproj", "{F858D3AB-D767-468A-AA7A-EBA6ADB8F522}"
EndProject
Project("{F2A71F9B-5D33-465A-A702-920D77279786}") = "SafetyProgram.UI.ViewModels", "SafetyProgram.UI.ViewModels\SafetyProgram.UI.ViewModels.fsproj", "{2E9E5EE0-8A6E-45E9-89A8-7517E793C3E4}"
EndProject
Project("{F2A71F9B-5D33-465A-A702-920D77279786}") = "SafetyProgram.Base", "SafetyProgram.Base\SafetyProgram.Base.fsproj", "{02B38C7A-862B-4906-A444-1A42F8D039F1}"
EndProject
Global
	GlobalSection(SolutionConfigurationPlatforms) = preSolution
		AutomatedRelease|Any CPU = AutomatedRelease|Any CPU
		AutomatedRelease|Mixed Platforms = AutomatedRelease|Mixed Platforms
		AutomatedRelease|x86 = AutomatedRelease|x86
		Debug|Any CPU = Debug|Any CPU
		Debug|Mixed Platforms = Debug|Mixed Platforms
		Debug|x86 = Debug|x86
		Release|Any CPU = Release|Any CPU
		Release|Mixed Platforms = Release|Mixed Platforms
		Release|x86 = Release|x86
	EndGlobalSection
	GlobalSection(ProjectConfigurationPlatforms) = postSolution
		{BEEA81AD-8CA8-431F-9B62-C7329DDE2021}.AutomatedRelease|Any CPU.ActiveCfg = Release|Any CPU
		{BEEA81AD-8CA8-431F-9B62-C7329DDE2021}.AutomatedRelease|Any CPU.Build.0 = Release|Any CPU
		{BEEA81AD-8CA8-431F-9B62-C7329DDE2021}.AutomatedRelease|Mixed Platforms.ActiveCfg = Release|x86
		{BEEA81AD-8CA8-431F-9B62-C7329DDE2021}.AutomatedRelease|Mixed Platforms.Build.0 = Release|x86
		{BEEA81AD-8CA8-431F-9B62-C7329DDE2021}.AutomatedRelease|x86.ActiveCfg = Release|x86
		{BEEA81AD-8CA8-431F-9B62-C7329DDE2021}.AutomatedRelease|x86.Build.0 = Release|x86
		{BEEA81AD-8CA8-431F-9B62-C7329DDE2021}.Debug|Any CPU.ActiveCfg = Debug|Any CPU
		{BEEA81AD-8CA8-431F-9B62-C7329DDE2021}.Debug|Any CPU.Build.0 = Debug|Any CPU
		{BEEA81AD-8CA8-431F-9B62-C7329DDE2021}.Debug|Mixed Platforms.ActiveCfg = Debug|Any CPU
		{BEEA81AD-8CA8-431F-9B62-C7329DDE2021}.Debug|Mixed Platforms.Build.0 = Debug|Any CPU
		{BEEA81AD-8CA8-431F-9B62-C7329DDE2021}.Debug|x86.ActiveCfg = Debug|x86
		{BEEA81AD-8CA8-431F-9B62-C7329DDE2021}.Debug|x86.Build.0 = Debug|x86
		{BEEA81AD-8CA8-431F-9B62-C7329DDE2021}.Release|Any CPU.ActiveCfg = Release|x86
		{BEEA81AD-8CA8-431F-9B62-C7329DDE2021}.Release|Mixed Platforms.ActiveCfg = Release|x86
		{BEEA81AD-8CA8-431F-9B62-C7329DDE2021}.Release|Mixed Platforms.Build.0 = Release|x86
		{BEEA81AD-8CA8-431F-9B62-C7329DDE2021}.Release|x86.ActiveCfg = Release|x86
		{BEEA81AD-8CA8-431F-9B62-C7329DDE2021}.Release|x86.Build.0 = Release|x86
		{1F897AAB-59C3-4E70-BA89-3090311C93E9}.AutomatedRelease|Any CPU.ActiveCfg = Release|Any CPU
		{1F897AAB-59C3-4E70-BA89-3090311C93E9}.AutomatedRelease|Any CPU.Build.0 = Release|Any CPU
		{1F897AAB-59C3-4E70-BA89-3090311C93E9}.AutomatedRelease|Mixed Platforms.ActiveCfg = Release|Any CPU
		{1F897AAB-59C3-4E70-BA89-3090311C93E9}.AutomatedRelease|Mixed Platforms.Build.0 = Release|Any CPU
		{1F897AAB-59C3-4E70-BA89-3090311C93E9}.AutomatedRelease|x86.ActiveCfg = Release|Any CPU
		{1F897AAB-59C3-4E70-BA89-3090311C93E9}.Debug|Any CPU.ActiveCfg = Debug|Any CPU
		{1F897AAB-59C3-4E70-BA89-3090311C93E9}.Debug|Any CPU.Build.0 = Debug|Any CPU
		{1F897AAB-59C3-4E70-BA89-3090311C93E9}.Debug|Mixed Platforms.ActiveCfg = Debug|Any CPU
		{1F897AAB-59C3-4E70-BA89-3090311C93E9}.Debug|Mixed Platforms.Build.0 = Debug|Any CPU
		{1F897AAB-59C3-4E70-BA89-3090311C93E9}.Debug|x86.ActiveCfg = Debug|Any CPU
		{1F897AAB-59C3-4E70-BA89-3090311C93E9}.Release|Any CPU.ActiveCfg = Release|Any CPU
		{1F897AAB-59C3-4E70-BA89-3090311C93E9}.Release|Any CPU.Build.0 = Release|Any CPU
		{1F897AAB-59C3-4E70-BA89-3090311C93E9}.Release|Mixed Platforms.ActiveCfg = Release|Any CPU
		{1F897AAB-59C3-4E70-BA89-3090311C93E9}.Release|Mixed Platforms.Build.0 = Release|Any CPU
		{1F897AAB-59C3-4E70-BA89-3090311C93E9}.Release|x86.ActiveCfg = Release|Any CPU
		{D3BD9BAE-DBF1-44B3-AB6C-53279266C792}.AutomatedRelease|Any CPU.ActiveCfg = Release|Any CPU
		{D3BD9BAE-DBF1-44B3-AB6C-53279266C792}.AutomatedRelease|Any CPU.Build.0 = Release|Any CPU
		{D3BD9BAE-DBF1-44B3-AB6C-53279266C792}.AutomatedRelease|Mixed Platforms.ActiveCfg = Release|Any CPU
		{D3BD9BAE-DBF1-44B3-AB6C-53279266C792}.AutomatedRelease|Mixed Platforms.Build.0 = Release|Any CPU
		{D3BD9BAE-DBF1-44B3-AB6C-53279266C792}.AutomatedRelease|x86.ActiveCfg = Release|Any CPU
		{D3BD9BAE-DBF1-44B3-AB6C-53279266C792}.Debug|Any CPU.ActiveCfg = Debug|Any CPU
		{D3BD9BAE-DBF1-44B3-AB6C-53279266C792}.Debug|Any CPU.Build.0 = Debug|Any CPU
		{D3BD9BAE-DBF1-44B3-AB6C-53279266C792}.Debug|Mixed Platforms.ActiveCfg = Debug|Any CPU
		{D3BD9BAE-DBF1-44B3-AB6C-53279266C792}.Debug|Mixed Platforms.Build.0 = Debug|Any CPU
		{D3BD9BAE-DBF1-44B3-AB6C-53279266C792}.Debug|x86.ActiveCfg = Debug|Any CPU
		{D3BD9BAE-DBF1-44B3-AB6C-53279266C792}.Release|Any CPU.ActiveCfg = Release|Any CPU
		{D3BD9BAE-DBF1-44B3-AB6C-53279266C792}.Release|Any CPU.Build.0 = Release|Any CPU
		{D3BD9BAE-DBF1-44B3-AB6C-53279266C792}.Release|Mixed Platforms.ActiveCfg = Release|Any CPU
		{D3BD9BAE-DBF1-44B3-AB6C-53279266C792}.Release|Mixed Platforms.Build.0 = Release|Any CPU
		{D3BD9BAE-DBF1-44B3-AB6C-53279266C792}.Release|x86.ActiveCfg = Release|Any CPU
		{E34B1152-D56F-440E-AD78-D525FDAE86AF}.AutomatedRelease|Any CPU.ActiveCfg = Release|Any CPU
		{E34B1152-D56F-440E-AD78-D525FDAE86AF}.AutomatedRelease|Any CPU.Build.0 = Release|Any CPU
		{E34B1152-D56F-440E-AD78-D525FDAE86AF}.AutomatedRelease|Mixed Platforms.ActiveCfg = Release|Any CPU
		{E34B1152-D56F-440E-AD78-D525FDAE86AF}.AutomatedRelease|Mixed Platforms.Build.0 = Release|Any CPU
		{E34B1152-D56F-440E-AD78-D525FDAE86AF}.AutomatedRelease|x86.ActiveCfg = Release|Any CPU
		{E34B1152-D56F-440E-AD78-D525FDAE86AF}.Debug|Any CPU.ActiveCfg = Debug|Any CPU
		{E34B1152-D56F-440E-AD78-D525FDAE86AF}.Debug|Any CPU.Build.0 = Debug|Any CPU
		{E34B1152-D56F-440E-AD78-D525FDAE86AF}.Debug|Mixed Platforms.ActiveCfg = Debug|Any CPU
		{E34B1152-D56F-440E-AD78-D525FDAE86AF}.Debug|Mixed Platforms.Build.0 = Debug|Any CPU
		{E34B1152-D56F-440E-AD78-D525FDAE86AF}.Debug|x86.ActiveCfg = Debug|Any CPU
		{E34B1152-D56F-440E-AD78-D525FDAE86AF}.Release|Any CPU.ActiveCfg = Release|Any CPU
		{E34B1152-D56F-440E-AD78-D525FDAE86AF}.Release|Any CPU.Build.0 = Release|Any CPU
		{E34B1152-D56F-440E-AD78-D525FDAE86AF}.Release|Mixed Platforms.ActiveCfg = Release|Any CPU
		{E34B1152-D56F-440E-AD78-D525FDAE86AF}.Release|Mixed Platforms.Build.0 = Release|Any CPU
		{E34B1152-D56F-440E-AD78-D525FDAE86AF}.Release|x86.ActiveCfg = Release|Any CPU
		{C15235CF-54EC-467B-9B87-609AAA999CF6}.AutomatedRelease|Any CPU.ActiveCfg = Release|Any CPU
		{C15235CF-54EC-467B-9B87-609AAA999CF6}.AutomatedRelease|Any CPU.Build.0 = Release|Any CPU
		{C15235CF-54EC-467B-9B87-609AAA999CF6}.AutomatedRelease|Mixed Platforms.ActiveCfg = Release|Any CPU
		{C15235CF-54EC-467B-9B87-609AAA999CF6}.AutomatedRelease|Mixed Platforms.Build.0 = Release|Any CPU
		{C15235CF-54EC-467B-9B87-609AAA999CF6}.AutomatedRelease|x86.ActiveCfg = Release|Any CPU
		{C15235CF-54EC-467B-9B87-609AAA999CF6}.Debug|Any CPU.ActiveCfg = Debug|Any CPU
		{C15235CF-54EC-467B-9B87-609AAA999CF6}.Debug|Any CPU.Build.0 = Debug|Any CPU
		{C15235CF-54EC-467B-9B87-609AAA999CF6}.Debug|Mixed Platforms.ActiveCfg = Debug|Any CPU
		{C15235CF-54EC-467B-9B87-609AAA999CF6}.Debug|Mixed Platforms.Build.0 = Debug|Any CPU
		{C15235CF-54EC-467B-9B87-609AAA999CF6}.Debug|x86.ActiveCfg = Debug|Any CPU
		{C15235CF-54EC-467B-9B87-609AAA999CF6}.Release|Any CPU.ActiveCfg = Release|Any CPU
		{C15235CF-54EC-467B-9B87-609AAA999CF6}.Release|Any CPU.Build.0 = Release|Any CPU
		{C15235CF-54EC-467B-9B87-609AAA999CF6}.Release|Mixed Platforms.ActiveCfg = Release|Any CPU
		{C15235CF-54EC-467B-9B87-609AAA999CF6}.Release|Mixed Platforms.Build.0 = Release|Any CPU
		{C15235CF-54EC-467B-9B87-609AAA999CF6}.Release|x86.ActiveCfg = Release|Any CPU
		{C95D174D-A8AA-455D-AB70-A9BBD0355656}.AutomatedRelease|Any CPU.ActiveCfg = Release|Any CPU
		{C95D174D-A8AA-455D-AB70-A9BBD0355656}.AutomatedRelease|Any CPU.Build.0 = Release|Any CPU
		{C95D174D-A8AA-455D-AB70-A9BBD0355656}.AutomatedRelease|Mixed Platforms.ActiveCfg = Release|Any CPU
		{C95D174D-A8AA-455D-AB70-A9BBD0355656}.AutomatedRelease|Mixed Platforms.Build.0 = Release|Any CPU
		{C95D174D-A8AA-455D-AB70-A9BBD0355656}.AutomatedRelease|x86.ActiveCfg = Release|Any CPU
		{C95D174D-A8AA-455D-AB70-A9BBD0355656}.Debug|Any CPU.ActiveCfg = Debug|Any CPU
		{C95D174D-A8AA-455D-AB70-A9BBD0355656}.Debug|Any CPU.Build.0 = Debug|Any CPU
		{C95D174D-A8AA-455D-AB70-A9BBD0355656}.Debug|Mixed Platforms.ActiveCfg = Debug|Any CPU
		{C95D174D-A8AA-455D-AB70-A9BBD0355656}.Debug|Mixed Platforms.Build.0 = Debug|Any CPU
		{C95D174D-A8AA-455D-AB70-A9BBD0355656}.Debug|x86.ActiveCfg = Debug|Any CPU
		{C95D174D-A8AA-455D-AB70-A9BBD0355656}.Release|Any CPU.ActiveCfg = Release|Any CPU
		{C95D174D-A8AA-455D-AB70-A9BBD0355656}.Release|Any CPU.Build.0 = Release|Any CPU
		{C95D174D-A8AA-455D-AB70-A9BBD0355656}.Release|Mixed Platforms.ActiveCfg = Release|Any CPU
		{C95D174D-A8AA-455D-AB70-A9BBD0355656}.Release|Mixed Platforms.Build.0 = Release|Any CPU
		{C95D174D-A8AA-455D-AB70-A9BBD0355656}.Release|x86.ActiveCfg = Release|Any CPU
		{43C1FE2B-EFDB-47DA-8232-C4DBD9C5EE2E}.AutomatedRelease|Any CPU.ActiveCfg = Release|Any CPU
		{43C1FE2B-EFDB-47DA-8232-C4DBD9C5EE2E}.AutomatedRelease|Any CPU.Build.0 = Release|Any CPU
		{43C1FE2B-EFDB-47DA-8232-C4DBD9C5EE2E}.AutomatedRelease|Mixed Platforms.ActiveCfg = Release|Any CPU
		{43C1FE2B-EFDB-47DA-8232-C4DBD9C5EE2E}.AutomatedRelease|Mixed Platforms.Build.0 = Release|Any CPU
		{43C1FE2B-EFDB-47DA-8232-C4DBD9C5EE2E}.AutomatedRelease|x86.ActiveCfg = Release|Any CPU
		{43C1FE2B-EFDB-47DA-8232-C4DBD9C5EE2E}.Debug|Any CPU.ActiveCfg = Debug|Any CPU
		{43C1FE2B-EFDB-47DA-8232-C4DBD9C5EE2E}.Debug|Any CPU.Build.0 = Debug|Any CPU
		{43C1FE2B-EFDB-47DA-8232-C4DBD9C5EE2E}.Debug|Mixed Platforms.ActiveCfg = Debug|Any CPU
		{43C1FE2B-EFDB-47DA-8232-C4DBD9C5EE2E}.Debug|Mixed Platforms.Build.0 = Debug|Any CPU
		{43C1FE2B-EFDB-47DA-8232-C4DBD9C5EE2E}.Debug|x86.ActiveCfg = Debug|Any CPU
		{43C1FE2B-EFDB-47DA-8232-C4DBD9C5EE2E}.Release|Any CPU.ActiveCfg = Release|Any CPU
		{43C1FE2B-EFDB-47DA-8232-C4DBD9C5EE2E}.Release|Any CPU.Build.0 = Release|Any CPU
		{43C1FE2B-EFDB-47DA-8232-C4DBD9C5EE2E}.Release|Mixed Platforms.ActiveCfg = Release|Any CPU
		{43C1FE2B-EFDB-47DA-8232-C4DBD9C5EE2E}.Release|Mixed Platforms.Build.0 = Release|Any CPU
		{43C1FE2B-EFDB-47DA-8232-C4DBD9C5EE2E}.Release|x86.ActiveCfg = Release|Any CPU
		{F858D3AB-D767-468A-AA7A-EBA6ADB8F522}.AutomatedRelease|Any CPU.ActiveCfg = Release|Any CPU
		{F858D3AB-D767-468A-AA7A-EBA6ADB8F522}.AutomatedRelease|Any CPU.Build.0 = Release|Any CPU
		{F858D3AB-D767-468A-AA7A-EBA6ADB8F522}.AutomatedRelease|Mixed Platforms.ActiveCfg = Release|Any CPU
		{F858D3AB-D767-468A-AA7A-EBA6ADB8F522}.AutomatedRelease|Mixed Platforms.Build.0 = Release|Any CPU
		{F858D3AB-D767-468A-AA7A-EBA6ADB8F522}.AutomatedRelease|x86.ActiveCfg = Release|Any CPU
		{F858D3AB-D767-468A-AA7A-EBA6ADB8F522}.Debug|Any CPU.ActiveCfg = Debug|Any CPU
		{F858D3AB-D767-468A-AA7A-EBA6ADB8F522}.Debug|Any CPU.Build.0 = Debug|Any CPU
		{F858D3AB-D767-468A-AA7A-EBA6ADB8F522}.Debug|Mixed Platforms.ActiveCfg = Debug|Any CPU
		{F858D3AB-D767-468A-AA7A-EBA6ADB8F522}.Debug|Mixed Platforms.Build.0 = Debug|Any CPU
		{F858D3AB-D767-468A-AA7A-EBA6ADB8F522}.Debug|x86.ActiveCfg = Debug|Any CPU
		{F858D3AB-D767-468A-AA7A-EBA6ADB8F522}.Release|Any CPU.ActiveCfg = Release|Any CPU
		{F858D3AB-D767-468A-AA7A-EBA6ADB8F522}.Release|Any CPU.Build.0 = Release|Any CPU
		{F858D3AB-D767-468A-AA7A-EBA6ADB8F522}.Release|Mixed Platforms.ActiveCfg = Release|Any CPU
		{F858D3AB-D767-468A-AA7A-EBA6ADB8F522}.Release|Mixed Platforms.Build.0 = Release|Any CPU
		{F858D3AB-D767-468A-AA7A-EBA6ADB8F522}.Release|x86.ActiveCfg = Release|Any CPU
		{2E9E5EE0-8A6E-45E9-89A8-7517E793C3E4}.AutomatedRelease|Any CPU.ActiveCfg = Release|Any CPU
		{2E9E5EE0-8A6E-45E9-89A8-7517E793C3E4}.AutomatedRelease|Any CPU.Build.0 = Release|Any CPU
		{2E9E5EE0-8A6E-45E9-89A8-7517E793C3E4}.AutomatedRelease|Mixed Platforms.ActiveCfg = Release|Any CPU
		{2E9E5EE0-8A6E-45E9-89A8-7517E793C3E4}.AutomatedRelease|Mixed Platforms.Build.0 = Release|Any CPU
		{2E9E5EE0-8A6E-45E9-89A8-7517E793C3E4}.AutomatedRelease|x86.ActiveCfg = Release|Any CPU
		{2E9E5EE0-8A6E-45E9-89A8-7517E793C3E4}.Debug|Any CPU.ActiveCfg = Debug|Any CPU
		{2E9E5EE0-8A6E-45E9-89A8-7517E793C3E4}.Debug|Any CPU.Build.0 = Debug|Any CPU
		{2E9E5EE0-8A6E-45E9-89A8-7517E793C3E4}.Debug|Mixed Platforms.ActiveCfg = Debug|Any CPU
		{2E9E5EE0-8A6E-45E9-89A8-7517E793C3E4}.Debug|Mixed Platforms.Build.0 = Debug|Any CPU
		{2E9E5EE0-8A6E-45E9-89A8-7517E793C3E4}.Debug|x86.ActiveCfg = Debug|Any CPU
		{2E9E5EE0-8A6E-45E9-89A8-7517E793C3E4}.Release|Any CPU.ActiveCfg = Release|Any CPU
		{2E9E5EE0-8A6E-45E9-89A8-7517E793C3E4}.Release|Any CPU.Build.0 = Release|Any CPU
		{2E9E5EE0-8A6E-45E9-89A8-7517E793C3E4}.Release|Mixed Platforms.ActiveCfg = Release|Any CPU
		{2E9E5EE0-8A6E-45E9-89A8-7517E793C3E4}.Release|Mixed Platforms.Build.0 = Release|Any CPU
		{2E9E5EE0-8A6E-45E9-89A8-7517E793C3E4}.Release|x86.ActiveCfg = Release|Any CPU
		{02B38C7A-862B-4906-A444-1A42F8D039F1}.AutomatedRelease|Any CPU.ActiveCfg = Release|Any CPU
		{02B38C7A-862B-4906-A444-1A42F8D039F1}.AutomatedRelease|Any CPU.Build.0 = Release|Any CPU
		{02B38C7A-862B-4906-A444-1A42F8D039F1}.AutomatedRelease|Mixed Platforms.ActiveCfg = Release|Any CPU
		{02B38C7A-862B-4906-A444-1A42F8D039F1}.AutomatedRelease|Mixed Platforms.Build.0 = Release|Any CPU
		{02B38C7A-862B-4906-A444-1A42F8D039F1}.AutomatedRelease|x86.ActiveCfg = Release|Any CPU
		{02B38C7A-862B-4906-A444-1A42F8D039F1}.Debug|Any CPU.ActiveCfg = Debug|Any CPU
		{02B38C7A-862B-4906-A444-1A42F8D039F1}.Debug|Any CPU.Build.0 = Debug|Any CPU
		{02B38C7A-862B-4906-A444-1A42F8D039F1}.Debug|Mixed Platforms.ActiveCfg = Debug|Any CPU
		{02B38C7A-862B-4906-A444-1A42F8D039F1}.Debug|Mixed Platforms.Build.0 = Debug|Any CPU
		{02B38C7A-862B-4906-A444-1A42F8D039F1}.Debug|x86.ActiveCfg = Debug|Any CPU
		{02B38C7A-862B-4906-A444-1A42F8D039F1}.Release|Any CPU.ActiveCfg = Release|Any CPU
		{02B38C7A-862B-4906-A444-1A42F8D039F1}.Release|Any CPU.Build.0 = Release|Any CPU
		{02B38C7A-862B-4906-A444-1A42F8D039F1}.Release|Mixed Platforms.ActiveCfg = Release|Any CPU
		{02B38C7A-862B-4906-A444-1A42F8D039F1}.Release|Mixed Platforms.Build.0 = Release|Any CPU
		{02B38C7A-862B-4906-A444-1A42F8D039F1}.Release|x86.ActiveCfg = Release|Any CPU
	EndGlobalSection
	GlobalSection(SolutionProperties) = preSolution
		HideSolutionNode = FALSE
	EndGlobalSection
	GlobalSection(TestCaseManagementSettings) = postSolution
		CategoryFile = PrismAggregatorDesignTest2.vsmdi
	EndGlobalSection
EndGlobal
